
Microsoft Visual Studio Solution File, Format Version 12.00
# Visual Studio Version 17
VisualStudioVersion = 17.12.35527.113 d17.12
MinimumVisualStudioVersion = 10.0.40219.1
Project("{FAE04EC0-301F-11D3-BF4B-00C04F79EFBC}") = "Senti.Web.Client", "Senti.Web.Client\Senti.Web.Client.csproj", "{EDCE524E-C4AB-4D76-8800-BE8250B7CD0A}"
EndProject
Project("{FAE04EC0-301F-11D3-BF4B-00C04F79EFBC}") = "Senti.Web.Pages.Quotes", "Senti.Web.Pages.Quotes\Senti.Web.Pages.Quotes.csproj", "{50F01EBB-E6CC-43F1-A618-F3CC85F3A822}"
EndProject
Project("{FAE04EC0-301F-11D3-BF4B-00C04F79EFBC}") = "Senti.Web.Pages.News", "Senti.Web.Pages.News\Senti.Web.Pages.News.csproj", "{759FA4E7-1156-4E4D-B507-F46CAF125F4E}"
EndProject
Project("{FAE04EC0-301F-11D3-BF4B-00C04F79EFBC}") = "Senti.Azure.Functions", "Senti.Azure.Functions\Senti.Azure.Functions.csproj", "{76F37F28-054A-4BA9-89DA-86BB04C3FD09}"
EndProject
Project("{FAE04EC0-301F-11D3-BF4B-00C04F79EFBC}") = "Senti.News.Core", "Senti.News.Core\Senti.News.Core.csproj", "{82943DAB-BA79-4855-9E7C-20E2993B2CD9}"
EndProject
Project("{FAE04EC0-301F-11D3-BF4B-00C04F79EFBC}") = "Senti.Shared.Adapters", "Senti.Shared.Adapters\Senti.Shared.Adapters.csproj", "{4E469F4D-D92D-436D-9C6F-D3C11BC63BBA}"
EndProject
Project("{FAE04EC0-301F-11D3-BF4B-00C04F79EFBC}") = "Senti.Shared.Models", "Senti.Shared.Models\Senti.Shared.Models.csproj", "{D162577F-8505-4BE1-BDF9-02BC53A9712B}"
EndProject
Global
	GlobalSection(SolutionConfigurationPlatforms) = preSolution
		Debug|Any CPU = Debug|Any CPU
		Release|Any CPU = Release|Any CPU
	EndGlobalSection
	GlobalSection(ProjectConfigurationPlatforms) = postSolution
		{EDCE524E-C4AB-4D76-8800-BE8250B7CD0A}.Debug|Any CPU.ActiveCfg = Debug|Any CPU
		{EDCE524E-C4AB-4D76-8800-BE8250B7CD0A}.Debug|Any CPU.Build.0 = Debug|Any CPU
		{EDCE524E-C4AB-4D76-8800-BE8250B7CD0A}.Release|Any CPU.ActiveCfg = Release|Any CPU
		{EDCE524E-C4AB-4D76-8800-BE8250B7CD0A}.Release|Any CPU.Build.0 = Release|Any CPU
		{50F01EBB-E6CC-43F1-A618-F3CC85F3A822}.Debug|Any CPU.ActiveCfg = Debug|Any CPU
		{50F01EBB-E6CC-43F1-A618-F3CC85F3A822}.Debug|Any CPU.Build.0 = Debug|Any CPU
		{50F01EBB-E6CC-43F1-A618-F3CC85F3A822}.Release|Any CPU.ActiveCfg = Release|Any CPU
		{50F01EBB-E6CC-43F1-A618-F3CC85F3A822}.Release|Any CPU.Build.0 = Release|Any CPU
		{759FA4E7-1156-4E4D-B507-F46CAF125F4E}.Debug|Any CPU.ActiveCfg = Debug|Any CPU
		{759FA4E7-1156-4E4D-B507-F46CAF125F4E}.Debug|Any CPU.Build.0 = Debug|Any CPU
		{759FA4E7-1156-4E4D-B507-F46CAF125F4E}.Release|Any CPU.ActiveCfg = Release|Any CPU
		{759FA4E7-1156-4E4D-B507-F46CAF125F4E}.Release|Any CPU.Build.0 = Release|Any CPU
		{76F37F28-054A-4BA9-89DA-86BB04C3FD09}.Debug|Any CPU.ActiveCfg = Debug|Any CPU
		{76F37F28-054A-4BA9-89DA-86BB04C3FD09}.Debug|Any CPU.Build.0 = Debug|Any CPU
		{76F37F28-054A-4BA9-89DA-86BB04C3FD09}.Release|Any CPU.ActiveCfg = Release|Any CPU
		{76F37F28-054A-4BA9-89DA-86BB04C3FD09}.Release|Any CPU.Build.0 = Release|Any CPU
		{82943DAB-BA79-4855-9E7C-20E2993B2CD9}.Debug|Any CPU.ActiveCfg = Debug|Any CPU
		{82943DAB-BA79-4855-9E7C-20E2993B2CD9}.Debug|Any CPU.Build.0 = Debug|Any CPU
		{82943DAB-BA79-4855-9E7C-20E2993B2CD9}.Release|Any CPU.ActiveCfg = Release|Any CPU
		{82943DAB-BA79-4855-9E7C-20E2993B2CD9}.Release|Any CPU.Build.0 = Release|Any CPU
		{4E469F4D-D92D-436D-9C6F-D3C11BC63BBA}.Debug|Any CPU.ActiveCfg = Debug|Any CPU
		{4E469F4D-D92D-436D-9C6F-D3C11BC63BBA}.Debug|Any CPU.Build.0 = Debug|Any CPU
		{4E469F4D-D92D-436D-9C6F-D3C11BC63BBA}.Release|Any CPU.ActiveCfg = Release|Any CPU
		{4E469F4D-D92D-436D-9C6F-D3C11BC63BBA}.Release|Any CPU.Build.0 = Release|Any CPU
		{D162577F-8505-4BE1-BDF9-02BC53A9712B}.Debug|Any CPU.ActiveCfg = Debug|Any CPU
		{D162577F-8505-4BE1-BDF9-02BC53A9712B}.Debug|Any CPU.Build.0 = Debug|Any CPU
		{D162577F-8505-4BE1-BDF9-02BC53A9712B}.Release|Any CPU.ActiveCfg = Release|Any CPU
		{D162577F-8505-4BE1-BDF9-02BC53A9712B}.Release|Any CPU.Build.0 = Release|Any CPU
	EndGlobalSection
	GlobalSection(SolutionProperties) = preSolution
		HideSolutionNode = FALSE
	EndGlobalSection
EndGlobal
