
Microsoft Visual Studio Solution File, Format Version 12.00
# Visual Studio Version 17
VisualStudioVersion = 17.12.35527.113
MinimumVisualStudioVersion = 10.0.40219.1
Project("{FAE04EC0-301F-11D3-BF4B-00C04F79EFBC}") = "Senti.Web.Client", "Senti.Web.Client\Senti.Web.Client.csproj", "{EDCE524E-C4AB-4D76-8800-BE8250B7CD0A}"
EndProject
Project("{FAE04EC0-301F-11D3-BF4B-00C04F79EFBC}") = "Senti.Azure.Functions", "Senti.Azure.Functions\Senti.Azure.Functions.csproj", "{76F37F28-054A-4BA9-89DA-86BB04C3FD09}"
EndProject
Project("{FAE04EC0-301F-11D3-BF4B-00C04F79EFBC}") = "Senti.News.Core", "Senti.News.Core\Senti.News.Core.csproj", "{82943DAB-BA79-4855-9E7C-20E2993B2CD9}"
EndProject
Project("{FAE04EC0-301F-11D3-BF4B-00C04F79EFBC}") = "Senti.Shared.Adapters", "Senti.Shared.Adapters\Senti.Shared.Adapters.csproj", "{4E469F4D-D92D-436D-9C6F-D3C11BC63BBA}"
EndProject
Project("{FAE04EC0-301F-11D3-BF4B-00C04F79EFBC}") = "Senti.Shared.Models", "Senti.Shared.Models\Senti.Shared.Models.csproj", "{D162577F-8505-4BE1-BDF9-02BC53A9712B}"
EndProject
Project("{FAE04EC0-301F-11D3-BF4B-00C04F79EFBC}") = "Senti.Web.Views.Headlines", "Senti.Web.Views.Headlines\Senti.Web.Views.Headlines.csproj", "{4E5A8287-D66C-4AC7-A5E0-CDD9AC830936}"
EndProject
Project("{FAE04EC0-301F-11D3-BF4B-00C04F79EFBC}") = "Senti.Web.Views.Timelines", "Senti.Web.Views.Timelines\Senti.Web.Views.Timelines.csproj", "{52ACC7AB-B903-457C-A329-14AA9236C0B6}"
EndProject
Project("{FAE04EC0-301F-11D3-BF4B-00C04F79EFBC}") = "Senti.Web.Shared", "Senti.Web.Shared\Senti.Web.Shared.csproj", "{4D52C99F-9058-4FE1-9FE6-0D742B811EE3}"
EndProject
Project("{FAE04EC0-301F-11D3-BF4B-00C04F79EFBC}") = "Senti.Web.Views.Charts", "Senti.Web.Views.Charts\Senti.Web.Views.Charts.csproj", "{FA94C4F4-F47A-4CCF-893A-5C9C69D1E695}"
EndProject
Project("{FAE04EC0-301F-11D3-BF4B-00C04F79EFBC}") = "Senti.Web.Views.Syslogs", "Senti.Web.Views.Syslogs\Senti.Web.Views.Syslogs.csproj", "{9B900C69-1A01-46E5-89D8-27339C5FA472}"
EndProject
Project("{FAE04EC0-301F-11D3-BF4B-00C04F79EFBC}") = "Senti.Web.Views.PlusMinuses", "Senti.Web.Views.PlusMinuses\Senti.Web.Views.PlusMinuses.csproj", "{017730C3-5F30-4B81-A46F-376CC0BB4AEF}"
EndProject
Project("{FAE04EC0-301F-11D3-BF4B-00C04F79EFBC}") = "Senti.Web.Views.Colors", "Senti.Web.Views.Colors\Senti.Web.Views.Colors.csproj", "{0A121954-4A36-45F9-AC4E-417C875E2ADD}"
EndProject
Project("{FAE04EC0-301F-11D3-BF4B-00C04F79EFBC}") = "Senti.Web.Views.PlotlyCharts", "Senti.Web.Views.PlotlyCharts\Senti.Web.Views.PlotlyCharts.csproj", "{56196372-E440-4878-A659-4412D9D04162}"
EndProject
Project("{FAE04EC0-301F-11D3-BF4B-00C04F79EFBC}") = "Senti.Web.Views.PyCandle2", "Senti.Web.Views.PyCandle2\Senti.Web.Views.PyCandle2.csproj", "{261F359A-0879-4C0A-8046-1B76323BA261}"
EndProject
Global
	GlobalSection(SolutionConfigurationPlatforms) = preSolution
		Debug|Any CPU = Debug|Any CPU
		Release|Any CPU = Release|Any CPU
	EndGlobalSection
	GlobalSection(ProjectConfigurationPlatforms) = postSolution
		{EDCE524E-C4AB-4D76-8800-BE8250B7CD0A}.Debug|Any CPU.ActiveCfg = Debug|Any CPU
		{EDCE524E-C4AB-4D76-8800-BE8250B7CD0A}.Debug|Any CPU.Build.0 = Debug|Any CPU
		{EDCE524E-C4AB-4D76-8800-BE8250B7CD0A}.Release|Any CPU.ActiveCfg = Release|Any CPU
		{EDCE524E-C4AB-4D76-8800-BE8250B7CD0A}.Release|Any CPU.Build.0 = Release|Any CPU
		{76F37F28-054A-4BA9-89DA-86BB04C3FD09}.Debug|Any CPU.ActiveCfg = Debug|Any CPU
		{76F37F28-054A-4BA9-89DA-86BB04C3FD09}.Debug|Any CPU.Build.0 = Debug|Any CPU
		{76F37F28-054A-4BA9-89DA-86BB04C3FD09}.Release|Any CPU.ActiveCfg = Release|Any CPU
		{76F37F28-054A-4BA9-89DA-86BB04C3FD09}.Release|Any CPU.Build.0 = Release|Any CPU
		{82943DAB-BA79-4855-9E7C-20E2993B2CD9}.Debug|Any CPU.ActiveCfg = Debug|Any CPU
		{82943DAB-BA79-4855-9E7C-20E2993B2CD9}.Debug|Any CPU.Build.0 = Debug|Any CPU
		{82943DAB-BA79-4855-9E7C-20E2993B2CD9}.Release|Any CPU.ActiveCfg = Release|Any CPU
		{82943DAB-BA79-4855-9E7C-20E2993B2CD9}.Release|Any CPU.Build.0 = Release|Any CPU
		{4E469F4D-D92D-436D-9C6F-D3C11BC63BBA}.Debug|Any CPU.ActiveCfg = Debug|Any CPU
		{4E469F4D-D92D-436D-9C6F-D3C11BC63BBA}.Debug|Any CPU.Build.0 = Debug|Any CPU
		{4E469F4D-D92D-436D-9C6F-D3C11BC63BBA}.Release|Any CPU.ActiveCfg = Release|Any CPU
		{4E469F4D-D92D-436D-9C6F-D3C11BC63BBA}.Release|Any CPU.Build.0 = Release|Any CPU
		{D162577F-8505-4BE1-BDF9-02BC53A9712B}.Debug|Any CPU.ActiveCfg = Debug|Any CPU
		{D162577F-8505-4BE1-BDF9-02BC53A9712B}.Debug|Any CPU.Build.0 = Debug|Any CPU
		{D162577F-8505-4BE1-BDF9-02BC53A9712B}.Release|Any CPU.ActiveCfg = Release|Any CPU
		{D162577F-8505-4BE1-BDF9-02BC53A9712B}.Release|Any CPU.Build.0 = Release|Any CPU
		{4E5A8287-D66C-4AC7-A5E0-CDD9AC830936}.Debug|Any CPU.ActiveCfg = Debug|Any CPU
		{4E5A8287-D66C-4AC7-A5E0-CDD9AC830936}.Debug|Any CPU.Build.0 = Debug|Any CPU
		{4E5A8287-D66C-4AC7-A5E0-CDD9AC830936}.Release|Any CPU.ActiveCfg = Release|Any CPU
		{4E5A8287-D66C-4AC7-A5E0-CDD9AC830936}.Release|Any CPU.Build.0 = Release|Any CPU
		{52ACC7AB-B903-457C-A329-14AA9236C0B6}.Debug|Any CPU.ActiveCfg = Debug|Any CPU
		{52ACC7AB-B903-457C-A329-14AA9236C0B6}.Debug|Any CPU.Build.0 = Debug|Any CPU
		{52ACC7AB-B903-457C-A329-14AA9236C0B6}.Release|Any CPU.ActiveCfg = Release|Any CPU
		{52ACC7AB-B903-457C-A329-14AA9236C0B6}.Release|Any CPU.Build.0 = Release|Any CPU
		{4D52C99F-9058-4FE1-9FE6-0D742B811EE3}.Debug|Any CPU.ActiveCfg = Debug|Any CPU
		{4D52C99F-9058-4FE1-9FE6-0D742B811EE3}.Debug|Any CPU.Build.0 = Debug|Any CPU
		{4D52C99F-9058-4FE1-9FE6-0D742B811EE3}.Release|Any CPU.ActiveCfg = Release|Any CPU
		{4D52C99F-9058-4FE1-9FE6-0D742B811EE3}.Release|Any CPU.Build.0 = Release|Any CPU
		{FA94C4F4-F47A-4CCF-893A-5C9C69D1E695}.Debug|Any CPU.ActiveCfg = Debug|Any CPU
		{FA94C4F4-F47A-4CCF-893A-5C9C69D1E695}.Debug|Any CPU.Build.0 = Debug|Any CPU
		{FA94C4F4-F47A-4CCF-893A-5C9C69D1E695}.Release|Any CPU.ActiveCfg = Release|Any CPU
		{FA94C4F4-F47A-4CCF-893A-5C9C69D1E695}.Release|Any CPU.Build.0 = Release|Any CPU
		{9B900C69-1A01-46E5-89D8-27339C5FA472}.Debug|Any CPU.ActiveCfg = Debug|Any CPU
		{9B900C69-1A01-46E5-89D8-27339C5FA472}.Debug|Any CPU.Build.0 = Debug|Any CPU
		{9B900C69-1A01-46E5-89D8-27339C5FA472}.Release|Any CPU.ActiveCfg = Release|Any CPU
		{9B900C69-1A01-46E5-89D8-27339C5FA472}.Release|Any CPU.Build.0 = Release|Any CPU
		{017730C3-5F30-4B81-A46F-376CC0BB4AEF}.Debug|Any CPU.ActiveCfg = Debug|Any CPU
		{017730C3-5F30-4B81-A46F-376CC0BB4AEF}.Debug|Any CPU.Build.0 = Debug|Any CPU
		{017730C3-5F30-4B81-A46F-376CC0BB4AEF}.Release|Any CPU.ActiveCfg = Release|Any CPU
		{017730C3-5F30-4B81-A46F-376CC0BB4AEF}.Release|Any CPU.Build.0 = Release|Any CPU
		{0A121954-4A36-45F9-AC4E-417C875E2ADD}.Debug|Any CPU.ActiveCfg = Debug|Any CPU
		{0A121954-4A36-45F9-AC4E-417C875E2ADD}.Debug|Any CPU.Build.0 = Debug|Any CPU
		{0A121954-4A36-45F9-AC4E-417C875E2ADD}.Release|Any CPU.ActiveCfg = Release|Any CPU
		{0A121954-4A36-45F9-AC4E-417C875E2ADD}.Release|Any CPU.Build.0 = Release|Any CPU
		{56196372-E440-4878-A659-4412D9D04162}.Debug|Any CPU.ActiveCfg = Debug|Any CPU
		{56196372-E440-4878-A659-4412D9D04162}.Debug|Any CPU.Build.0 = Debug|Any CPU
		{56196372-E440-4878-A659-4412D9D04162}.Release|Any CPU.ActiveCfg = Release|Any CPU
		{56196372-E440-4878-A659-4412D9D04162}.Release|Any CPU.Build.0 = Release|Any CPU
		{261F359A-0879-4C0A-8046-1B76323BA261}.Debug|Any CPU.ActiveCfg = Debug|Any CPU
		{261F359A-0879-4C0A-8046-1B76323BA261}.Debug|Any CPU.Build.0 = Debug|Any CPU
		{261F359A-0879-4C0A-8046-1B76323BA261}.Release|Any CPU.ActiveCfg = Release|Any CPU
		{261F359A-0879-4C0A-8046-1B76323BA261}.Release|Any CPU.Build.0 = Release|Any CPU
	EndGlobalSection
	GlobalSection(SolutionProperties) = preSolution
		HideSolutionNode = FALSE
	EndGlobalSection
EndGlobal
